
Microsoft Visual Studio Solution File, Format Version 12.00
# Visual Studio Version 17
VisualStudioVersion = 17.8.34309.116
MinimumVisualStudioVersion = 10.0.40219.1
Project("{FAE04EC0-301F-11D3-BF4B-00C04F79EFBC}") = "Product WPF", "Product WPF\Product WPF.csproj", "{0DFE9BB4-3F02-4521-B44F-9ADB61220174}"
EndProject
Global
	GlobalSection(SolutionConfigurationPlatforms) = preSolution
		Debug|Any CPU = Debug|Any CPU
		Release|Any CPU = Release|Any CPU
	EndGlobalSection
	GlobalSection(ProjectConfigurationPlatforms) = postSolution
		{0DFE9BB4-3F02-4521-B44F-9ADB61220174}.Debug|Any CPU.ActiveCfg = Debug|Any CPU
		{0DFE9BB4-3F02-4521-B44F-9ADB61220174}.Debug|Any CPU.Build.0 = Debug|Any CPU
		{0DFE9BB4-3F02-4521-B44F-9ADB61220174}.Release|Any CPU.ActiveCfg = Release|Any CPU
		{0DFE9BB4-3F02-4521-B44F-9ADB61220174}.Release|Any CPU.Build.0 = Release|Any CPU
	EndGlobalSection
	GlobalSection(SolutionProperties) = preSolution
		HideSolutionNode = FALSE
	EndGlobalSection
	GlobalSection(ExtensibilityGlobals) = postSolution
		SolutionGuid = {5ED6B600-21DC-44B5-9B7A-EBB0C1DFF963}
	EndGlobalSection
EndGlobal
